
Microsoft Visual Studio Solution File, Format Version 12.00
# Visual Studio Version 16
VisualStudioVersion = 16.0.29519.87
MinimumVisualStudioVersion = 10.0.40219.1
Project("{FAE04EC0-301F-11D3-BF4B-00C04F79EFBC}") = "Returm Management System", "Returm Management System\Returm Management System.csproj", "{0296F930-1BDB-4AC9-BD1D-EBE6DAD10A04}"
EndProject
Project("{54435603-DBB4-11D2-8724-00A0C9A8B90C}") = "RMS Setup", "RMS Setup\RMS Setup.vdproj", "{1BB9BD20-20AD-4239-8E15-35AE519F8D1E}"
EndProject
Global
	GlobalSection(SolutionConfigurationPlatforms) = preSolution
		Debug|Any CPU = Debug|Any CPU
		Release|Any CPU = Release|Any CPU
	EndGlobalSection
	GlobalSection(ProjectConfigurationPlatforms) = postSolution
		{0296F930-1BDB-4AC9-BD1D-EBE6DAD10A04}.Debug|Any CPU.ActiveCfg = Debug|Any CPU
		{0296F930-1BDB-4AC9-BD1D-EBE6DAD10A04}.Debug|Any CPU.Build.0 = Debug|Any CPU
		{0296F930-1BDB-4AC9-BD1D-EBE6DAD10A04}.Release|Any CPU.ActiveCfg = Release|Any CPU
		{0296F930-1BDB-4AC9-BD1D-EBE6DAD10A04}.Release|Any CPU.Build.0 = Release|Any CPU
		{1BB9BD20-20AD-4239-8E15-35AE519F8D1E}.Debug|Any CPU.ActiveCfg = Debug
		{1BB9BD20-20AD-4239-8E15-35AE519F8D1E}.Release|Any CPU.ActiveCfg = Release
	EndGlobalSection
	GlobalSection(SolutionProperties) = preSolution
		HideSolutionNode = FALSE
	EndGlobalSection
	GlobalSection(ExtensibilityGlobals) = postSolution
		SolutionGuid = {8391BF9E-861D-44BD-A92E-FDBD4898501E}
	EndGlobalSection
EndGlobal
